<?xml version="1.0" encoding="utf-8"?>
<Project ToolsVersion="4.0" xmlns="http://schemas.microsoft.com/developer/msbuild/2003">
  <ItemGroup>
    <ClCompile Include="ShareBufferBetweenInstance.cpp" />
    <ClCompile Include="VulkanCapibility.cpp" />
    <ClCompile Include="StackLog.cpp" />
    <ClCompile Include="VulkanContext.cpp" />
  </ItemGroup>
  <ItemGroup>
    <ClInclude Include="VulkanCapibility.h" />
    <ClInclude Include="include.h" />
    <ClInclude Include="StackLog.h" />
    <ClInclude Include="VulkanContext.h" />
  </ItemGroup>
</Project>